
Microsoft Visual Studio Solution File, Format Version 12.00
Project("{FAE04EC0-301F-11D3-BF4B-00C04F79EFBC}") = "TransactionServices.Api", "TransactionServices.Api\TransactionServices.Api.csproj", "{8C211741-3573-4EEE-82DC-2D1F3A4EDE89}"
EndProject
Project("{FAE04EC0-301F-11D3-BF4B-00C04F79EFBC}") = "TransactionServices.Infrastructure", "TransactionServices.Infrastructure\TransactionServices.Infrastructure.csproj", "{A797FF75-AF52-426F-902E-BDB6E185ED1D}"
EndProject
Project("{FAE04EC0-301F-11D3-BF4B-00C04F79EFBC}") = "TransactionServices.Application", "TransactionServices.Application\TransactionServices.Application.csproj", "{5C421818-0689-4ED9-99EE-00F7DFCEB538}"
EndProject
Project("{FAE04EC0-301F-11D3-BF4B-00C04F79EFBC}") = "TransactionServices.Domain", "TransactionServices.Domain\TransactionServices.Domain.csproj", "{B4DC2729-B2AD-4634-B7E3-42CAF097E0F6}"
EndProject
Global
	GlobalSection(SolutionConfigurationPlatforms) = preSolution
		Debug|Any CPU = Debug|Any CPU
		Release|Any CPU = Release|Any CPU
	EndGlobalSection
	GlobalSection(ProjectConfigurationPlatforms) = postSolution
		{8C211741-3573-4EEE-82DC-2D1F3A4EDE89}.Debug|Any CPU.ActiveCfg = Debug|Any CPU
		{8C211741-3573-4EEE-82DC-2D1F3A4EDE89}.Debug|Any CPU.Build.0 = Debug|Any CPU
		{8C211741-3573-4EEE-82DC-2D1F3A4EDE89}.Release|Any CPU.ActiveCfg = Release|Any CPU
		{8C211741-3573-4EEE-82DC-2D1F3A4EDE89}.Release|Any CPU.Build.0 = Release|Any CPU
		{A797FF75-AF52-426F-902E-BDB6E185ED1D}.Debug|Any CPU.ActiveCfg = Debug|Any CPU
		{A797FF75-AF52-426F-902E-BDB6E185ED1D}.Debug|Any CPU.Build.0 = Debug|Any CPU
		{A797FF75-AF52-426F-902E-BDB6E185ED1D}.Release|Any CPU.ActiveCfg = Release|Any CPU
		{A797FF75-AF52-426F-902E-BDB6E185ED1D}.Release|Any CPU.Build.0 = Release|Any CPU
		{5C421818-0689-4ED9-99EE-00F7DFCEB538}.Debug|Any CPU.ActiveCfg = Debug|Any CPU
		{5C421818-0689-4ED9-99EE-00F7DFCEB538}.Debug|Any CPU.Build.0 = Debug|Any CPU
		{5C421818-0689-4ED9-99EE-00F7DFCEB538}.Release|Any CPU.ActiveCfg = Release|Any CPU
		{5C421818-0689-4ED9-99EE-00F7DFCEB538}.Release|Any CPU.Build.0 = Release|Any CPU
		{B4DC2729-B2AD-4634-B7E3-42CAF097E0F6}.Debug|Any CPU.ActiveCfg = Debug|Any CPU
		{B4DC2729-B2AD-4634-B7E3-42CAF097E0F6}.Debug|Any CPU.Build.0 = Debug|Any CPU
		{B4DC2729-B2AD-4634-B7E3-42CAF097E0F6}.Release|Any CPU.ActiveCfg = Release|Any CPU
		{B4DC2729-B2AD-4634-B7E3-42CAF097E0F6}.Release|Any CPU.Build.0 = Release|Any CPU
	EndGlobalSection
EndGlobal
